// !$*UTF8*$!
{
	archiveVersion = 1;
	classes = {
	};
	objectVersion = 56;
	objects = {

/* Begin PBXBuildFile section */
		DE1849FA2AC7EE06004EEC0B /* ProjectTable.swift in Sources */ = {isa = PBXBuildFile; fileRef = DE1849F92AC7EE06004EEC0B /* ProjectTable.swift */; };
		DE1849FC2AC7EE16004EEC0B /* TaskTable.swift in Sources */ = {isa = PBXBuildFile; fileRef = DE1849FB2AC7EE16004EEC0B /* TaskTable.swift */; };
		DE1849FE2AC7F6E7004EEC0B /* SubTaskTable.swift in Sources */ = {isa = PBXBuildFile; fileRef = DE1849FD2AC7F6E7004EEC0B /* SubTaskTable.swift */; };
		DE184A002AC82916004EEC0B /* StatusButton.swift in Sources */ = {isa = PBXBuildFile; fileRef = DE1849FF2AC82916004EEC0B /* StatusButton.swift */; };
		DE184A032AC8306E004EEC0B /* AddProjectViewController.swift in Sources */ = {isa = PBXBuildFile; fileRef = DE184A022AC8306E004EEC0B /* AddProjectViewController.swift */; };
		DE184A052ACBD662004EEC0B /* RepositoryType+Protocol.swift in Sources */ = {isa = PBXBuildFile; fileRef = DE184A042ACBD662004EEC0B /* RepositoryType+Protocol.swift */; };
		DE184A072ACBD871004EEC0B /* ProjectTableRepository.swift in Sources */ = {isa = PBXBuildFile; fileRef = DE184A062ACBD871004EEC0B /* ProjectTableRepository.swift */; };
		DE184A0C2ACBE54C004EEC0B /* Localizable.strings in Resources */ = {isa = PBXBuildFile; fileRef = DE184A0E2ACBE54C004EEC0B /* Localizable.strings */; };
		DE184A142ACBE8B4004EEC0B /* Localized+Extension.swift in Sources */ = {isa = PBXBuildFile; fileRef = DE184A132ACBE8B4004EEC0B /* Localized+Extension.swift */; };
		DE184A1D2ACBF497004EEC0B /* ViewBuilder.swift in Sources */ = {isa = PBXBuildFile; fileRef = DE184A1C2ACBF497004EEC0B /* ViewBuilder.swift */; };
		DE184A1F2ACBF5D5004EEC0B /* LabelBuilder.swift in Sources */ = {isa = PBXBuildFile; fileRef = DE184A1E2ACBF5D5004EEC0B /* LabelBuilder.swift */; };
		DE184A212ACBF726004EEC0B /* ImageViewBuilder.swift in Sources */ = {isa = PBXBuildFile; fileRef = DE184A202ACBF726004EEC0B /* ImageViewBuilder.swift */; };
		DE184A232ACC0066004EEC0B /* TextFieldBuilder.swift in Sources */ = {isa = PBXBuildFile; fileRef = DE184A222ACC0066004EEC0B /* TextFieldBuilder.swift */; };
		DE184A252ACC0151004EEC0B /* DatePickerBuilder.swift in Sources */ = {isa = PBXBuildFile; fileRef = DE184A242ACC0151004EEC0B /* DatePickerBuilder.swift */; };
		DE184A272ACC0214004EEC0B /* StackViewBuilder.swift in Sources */ = {isa = PBXBuildFile; fileRef = DE184A262ACC0214004EEC0B /* StackViewBuilder.swift */; };
		DE184A292ACC0E8B004EEC0B /* UIColor+Extension.swift in Sources */ = {isa = PBXBuildFile; fileRef = DE184A282ACC0E8B004EEC0B /* UIColor+Extension.swift */; };
		DE184A2C2ACC3625004EEC0B /* Observable.swift in Sources */ = {isa = PBXBuildFile; fileRef = DE184A2B2ACC3625004EEC0B /* Observable.swift */; };
		DE184A302ACC3858004EEC0B /* AddProjectViewModel.swift in Sources */ = {isa = PBXBuildFile; fileRef = DE184A2F2ACC3858004EEC0B /* AddProjectViewModel.swift */; };
		DE184A642ACD6165004EEC0B /* ProjectDetailViewController.swift in Sources */ = {isa = PBXBuildFile; fileRef = DE184A632ACD6165004EEC0B /* ProjectDetailViewController.swift */; };
		DE184A662ACD64C9004EEC0B /* TaskTableViewCell.swift in Sources */ = {isa = PBXBuildFile; fileRef = DE184A652ACD64C9004EEC0B /* TaskTableViewCell.swift */; };
		DE184A6A2ACD6644004EEC0B /* BaseTableViewCell.swift in Sources */ = {isa = PBXBuildFile; fileRef = DE184A692ACD6644004EEC0B /* BaseTableViewCell.swift */; };
		DE184A6C2ACD7287004EEC0B /* ButtonBuilder.swift in Sources */ = {isa = PBXBuildFile; fileRef = DE184A6B2ACD7287004EEC0B /* ButtonBuilder.swift */; };
		DE184A702ACD8399004EEC0B /* TimerButton.swift in Sources */ = {isa = PBXBuildFile; fileRef = DE184A6F2ACD8399004EEC0B /* TimerButton.swift */; };
		DE184A742ACE7EC1004EEC0B /* ProjectDashboardView.swift in Sources */ = {isa = PBXBuildFile; fileRef = DE184A732ACE7EC1004EEC0B /* ProjectDashboardView.swift */; };
		DEBD62962AC19E7B003010DC /* AppDelegate.swift in Sources */ = {isa = PBXBuildFile; fileRef = DEBD62952AC19E7B003010DC /* AppDelegate.swift */; };
		DEBD62982AC19E7B003010DC /* SceneDelegate.swift in Sources */ = {isa = PBXBuildFile; fileRef = DEBD62972AC19E7B003010DC /* SceneDelegate.swift */; };
		DEBD629F2AC19E7C003010DC /* Assets.xcassets in Resources */ = {isa = PBXBuildFile; fileRef = DEBD629E2AC19E7C003010DC /* Assets.xcassets */; };
		DEBD62A22AC19E7C003010DC /* LaunchScreen.storyboard in Resources */ = {isa = PBXBuildFile; fileRef = DEBD62A02AC19E7C003010DC /* LaunchScreen.storyboard */; };
		DEBD62B42AC1A405003010DC /* SnapKit in Frameworks */ = {isa = PBXBuildFile; productRef = DEBD62B32AC1A405003010DC /* SnapKit */; };
		DEBD62BA2AC1A4AC003010DC /* Realm in Frameworks */ = {isa = PBXBuildFile; productRef = DEBD62B92AC1A4AC003010DC /* Realm */; };
		DEBD62BC2AC1A4AC003010DC /* RealmSwift in Frameworks */ = {isa = PBXBuildFile; productRef = DEBD62BB2AC1A4AC003010DC /* RealmSwift */; };
		DEBD62BE2AC1A4DF003010DC /* BaseViewController.swift in Sources */ = {isa = PBXBuildFile; fileRef = DEBD62BD2AC1A4DE003010DC /* BaseViewController.swift */; };
		DEBD62C02AC1A62E003010DC /* ProjectListViewController.swift in Sources */ = {isa = PBXBuildFile; fileRef = DEBD62BF2AC1A62E003010DC /* ProjectListViewController.swift */; };
		DED5E8A52AC44A8200DDACC7 /* UnderlineSegmentedControl.swift in Sources */ = {isa = PBXBuildFile; fileRef = DED5E8A42AC44A8200DDACC7 /* UnderlineSegmentedControl.swift */; };
		DEF16C522AC2D349006354F8 /* Color.swift in Sources */ = {isa = PBXBuildFile; fileRef = DEF16C512AC2D349006354F8 /* Color.swift */; };
		DEF16C542AC2DAD7006354F8 /* BaseCollectionViewCell.swift in Sources */ = {isa = PBXBuildFile; fileRef = DEF16C532AC2DAD7006354F8 /* BaseCollectionViewCell.swift */; };
		DEF16C562AC2DB90006354F8 /* ProjectCollectionViewCell.swift in Sources */ = {isa = PBXBuildFile; fileRef = DEF16C552AC2DB90006354F8 /* ProjectCollectionViewCell.swift */; };
/* End PBXBuildFile section */

/* Begin PBXFileReference section */
		DE1849F92AC7EE06004EEC0B /* ProjectTable.swift */ = {isa = PBXFileReference; lastKnownFileType = sourcecode.swift; path = ProjectTable.swift; sourceTree = "<group>"; };
		DE1849FB2AC7EE16004EEC0B /* TaskTable.swift */ = {isa = PBXFileReference; lastKnownFileType = sourcecode.swift; path = TaskTable.swift; sourceTree = "<group>"; };
		DE1849FD2AC7F6E7004EEC0B /* SubTaskTable.swift */ = {isa = PBXFileReference; lastKnownFileType = sourcecode.swift; path = SubTaskTable.swift; sourceTree = "<group>"; };
		DE1849FF2AC82916004EEC0B /* StatusButton.swift */ = {isa = PBXFileReference; lastKnownFileType = sourcecode.swift; path = StatusButton.swift; sourceTree = "<group>"; };
		DE184A022AC8306E004EEC0B /* AddProjectViewController.swift */ = {isa = PBXFileReference; lastKnownFileType = sourcecode.swift; path = AddProjectViewController.swift; sourceTree = "<group>"; };
		DE184A042ACBD662004EEC0B /* RepositoryType+Protocol.swift */ = {isa = PBXFileReference; lastKnownFileType = sourcecode.swift; path = "RepositoryType+Protocol.swift"; sourceTree = "<group>"; };
		DE184A062ACBD871004EEC0B /* ProjectTableRepository.swift */ = {isa = PBXFileReference; lastKnownFileType = sourcecode.swift; path = ProjectTableRepository.swift; sourceTree = "<group>"; };
		DE184A082ACBE4F5004EEC0B /* ko */ = {isa = PBXFileReference; lastKnownFileType = text.plist.strings; name = ko; path = ko.lproj/LaunchScreen.strings; sourceTree = "<group>"; };
		DE184A092ACBE50A004EEC0B /* en */ = {isa = PBXFileReference; lastKnownFileType = text.plist.strings; name = en; path = en.lproj/LaunchScreen.strings; sourceTree = "<group>"; };
		DE184A0D2ACBE54C004EEC0B /* ko */ = {isa = PBXFileReference; lastKnownFileType = text.plist.strings; name = ko; path = ko.lproj/Localizable.strings; sourceTree = "<group>"; };
		DE184A0F2ACBE54D004EEC0B /* en */ = {isa = PBXFileReference; lastKnownFileType = text.plist.strings; name = en; path = en.lproj/Localizable.strings; sourceTree = "<group>"; };
		DE184A132ACBE8B4004EEC0B /* Localized+Extension.swift */ = {isa = PBXFileReference; lastKnownFileType = sourcecode.swift; path = "Localized+Extension.swift"; sourceTree = "<group>"; };
		DE184A1C2ACBF497004EEC0B /* ViewBuilder.swift */ = {isa = PBXFileReference; lastKnownFileType = sourcecode.swift; path = ViewBuilder.swift; sourceTree = "<group>"; };
		DE184A1E2ACBF5D5004EEC0B /* LabelBuilder.swift */ = {isa = PBXFileReference; lastKnownFileType = sourcecode.swift; path = LabelBuilder.swift; sourceTree = "<group>"; };
		DE184A202ACBF726004EEC0B /* ImageViewBuilder.swift */ = {isa = PBXFileReference; lastKnownFileType = sourcecode.swift; path = ImageViewBuilder.swift; sourceTree = "<group>"; };
		DE184A222ACC0066004EEC0B /* TextFieldBuilder.swift */ = {isa = PBXFileReference; lastKnownFileType = sourcecode.swift; path = TextFieldBuilder.swift; sourceTree = "<group>"; };
		DE184A242ACC0151004EEC0B /* DatePickerBuilder.swift */ = {isa = PBXFileReference; lastKnownFileType = sourcecode.swift; path = DatePickerBuilder.swift; sourceTree = "<group>"; };
		DE184A262ACC0214004EEC0B /* StackViewBuilder.swift */ = {isa = PBXFileReference; lastKnownFileType = sourcecode.swift; path = StackViewBuilder.swift; sourceTree = "<group>"; };
		DE184A282ACC0E8B004EEC0B /* UIColor+Extension.swift */ = {isa = PBXFileReference; lastKnownFileType = sourcecode.swift; path = "UIColor+Extension.swift"; sourceTree = "<group>"; };
		DE184A2B2ACC3625004EEC0B /* Observable.swift */ = {isa = PBXFileReference; lastKnownFileType = sourcecode.swift; path = Observable.swift; sourceTree = "<group>"; };
		DE184A2F2ACC3858004EEC0B /* AddProjectViewModel.swift */ = {isa = PBXFileReference; lastKnownFileType = sourcecode.swift; path = AddProjectViewModel.swift; sourceTree = "<group>"; };
		DE184A632ACD6165004EEC0B /* ProjectDetailViewController.swift */ = {isa = PBXFileReference; lastKnownFileType = sourcecode.swift; path = ProjectDetailViewController.swift; sourceTree = "<group>"; };
		DE184A652ACD64C9004EEC0B /* TaskTableViewCell.swift */ = {isa = PBXFileReference; lastKnownFileType = sourcecode.swift; path = TaskTableViewCell.swift; sourceTree = "<group>"; };
		DE184A692ACD6644004EEC0B /* BaseTableViewCell.swift */ = {isa = PBXFileReference; lastKnownFileType = sourcecode.swift; path = BaseTableViewCell.swift; sourceTree = "<group>"; };
		DE184A6B2ACD7287004EEC0B /* ButtonBuilder.swift */ = {isa = PBXFileReference; lastKnownFileType = sourcecode.swift; path = ButtonBuilder.swift; sourceTree = "<group>"; };
		DE184A6F2ACD8399004EEC0B /* TimerButton.swift */ = {isa = PBXFileReference; lastKnownFileType = sourcecode.swift; path = TimerButton.swift; sourceTree = "<group>"; };
		DE184A732ACE7EC1004EEC0B /* ProjectDashboardView.swift */ = {isa = PBXFileReference; lastKnownFileType = sourcecode.swift; path = ProjectDashboardView.swift; sourceTree = "<group>"; };
		DEBD62922AC19E7B003010DC /* Timo.app */ = {isa = PBXFileReference; explicitFileType = wrapper.application; includeInIndex = 0; path = Timo.app; sourceTree = BUILT_PRODUCTS_DIR; };
		DEBD62952AC19E7B003010DC /* AppDelegate.swift */ = {isa = PBXFileReference; lastKnownFileType = sourcecode.swift; path = AppDelegate.swift; sourceTree = "<group>"; };
		DEBD62972AC19E7B003010DC /* SceneDelegate.swift */ = {isa = PBXFileReference; lastKnownFileType = sourcecode.swift; path = SceneDelegate.swift; sourceTree = "<group>"; };
		DEBD629E2AC19E7C003010DC /* Assets.xcassets */ = {isa = PBXFileReference; lastKnownFileType = folder.assetcatalog; path = Assets.xcassets; sourceTree = "<group>"; };
		DEBD62A12AC19E7C003010DC /* Base */ = {isa = PBXFileReference; lastKnownFileType = file.storyboard; name = Base; path = Base.lproj/LaunchScreen.storyboard; sourceTree = "<group>"; };
		DEBD62A32AC19E7C003010DC /* Info.plist */ = {isa = PBXFileReference; lastKnownFileType = text.plist.xml; path = Info.plist; sourceTree = "<group>"; };
		DEBD62BD2AC1A4DE003010DC /* BaseViewController.swift */ = {isa = PBXFileReference; lastKnownFileType = sourcecode.swift; path = BaseViewController.swift; sourceTree = "<group>"; };
		DEBD62BF2AC1A62E003010DC /* ProjectListViewController.swift */ = {isa = PBXFileReference; lastKnownFileType = sourcecode.swift; path = ProjectListViewController.swift; sourceTree = "<group>"; };
		DED5E8A42AC44A8200DDACC7 /* UnderlineSegmentedControl.swift */ = {isa = PBXFileReference; lastKnownFileType = sourcecode.swift; path = UnderlineSegmentedControl.swift; sourceTree = "<group>"; };
		DEF16C512AC2D349006354F8 /* Color.swift */ = {isa = PBXFileReference; lastKnownFileType = sourcecode.swift; path = Color.swift; sourceTree = "<group>"; };
		DEF16C532AC2DAD7006354F8 /* BaseCollectionViewCell.swift */ = {isa = PBXFileReference; lastKnownFileType = sourcecode.swift; path = BaseCollectionViewCell.swift; sourceTree = "<group>"; };
		DEF16C552AC2DB90006354F8 /* ProjectCollectionViewCell.swift */ = {isa = PBXFileReference; lastKnownFileType = sourcecode.swift; path = ProjectCollectionViewCell.swift; sourceTree = "<group>"; };
/* End PBXFileReference section */

/* Begin PBXFrameworksBuildPhase section */
		DEBD628F2AC19E7B003010DC /* Frameworks */ = {
			isa = PBXFrameworksBuildPhase;
			buildActionMask = 2147483647;
			files = (
				DEBD62BC2AC1A4AC003010DC /* RealmSwift in Frameworks */,
				DEBD62BA2AC1A4AC003010DC /* Realm in Frameworks */,
				DEBD62B42AC1A405003010DC /* SnapKit in Frameworks */,
			);
			runOnlyForDeploymentPostprocessing = 0;
		};
/* End PBXFrameworksBuildPhase section */

/* Begin PBXGroup section */
		DE184A012AC83033004EEC0B /* AddProject */ = {
			isa = PBXGroup;
			children = (
				DE184A022AC8306E004EEC0B /* AddProjectViewController.swift */,
				DE184A2F2ACC3858004EEC0B /* AddProjectViewModel.swift */,
			);
			path = AddProject;
			sourceTree = "<group>";
		};
		DE184A102ACBE78E004EEC0B /* Application */ = {
			isa = PBXGroup;
			children = (
				DEBD62952AC19E7B003010DC /* AppDelegate.swift */,
				DEBD62972AC19E7B003010DC /* SceneDelegate.swift */,
			);
			path = Application;
			sourceTree = "<group>";
		};
		DE184A112ACBE7F4004EEC0B /* Resource */ = {
			isa = PBXGroup;
			children = (
				DEBD629E2AC19E7C003010DC /* Assets.xcassets */,
				DEBD62A02AC19E7C003010DC /* LaunchScreen.storyboard */,
			);
			path = Resource;
			sourceTree = "<group>";
		};
		DE184A122ACBE80A004EEC0B /* Source */ = {
			isa = PBXGroup;
			children = (
				DEBD62A92AC1A01F003010DC /* Utility */,
				DEBD62AA2AC1A029003010DC /* Database */,
				DEBD62AB2AC1A032003010DC /* Base */,
				DE184A1B2ACBF41F004EEC0B /* Builder */,
				DEBD62AC2AC1A038003010DC /* View */,
				DEBD62AD2AC1A03C003010DC /* Cell */,
				DE184A2A2ACC35FD004EEC0B /* Observable */,
				DEBD62AE2AC1A042003010DC /* Scene */,
				DEBD62AF2AC1A048003010DC /* Extension */,
			);
			path = Source;
			sourceTree = "<group>";
		};
		DE184A1B2ACBF41F004EEC0B /* Builder */ = {
			isa = PBXGroup;
			children = (
				DE184A1C2ACBF497004EEC0B /* ViewBuilder.swift */,
				DE184A1E2ACBF5D5004EEC0B /* LabelBuilder.swift */,
				DE184A202ACBF726004EEC0B /* ImageViewBuilder.swift */,
				DE184A222ACC0066004EEC0B /* TextFieldBuilder.swift */,
				DE184A242ACC0151004EEC0B /* DatePickerBuilder.swift */,
				DE184A262ACC0214004EEC0B /* StackViewBuilder.swift */,
				DE184A6B2ACD7287004EEC0B /* ButtonBuilder.swift */,
			);
			path = Builder;
			sourceTree = "<group>";
		};
		DE184A2A2ACC35FD004EEC0B /* Observable */ = {
			isa = PBXGroup;
			children = (
				DE184A2B2ACC3625004EEC0B /* Observable.swift */,
			);
			path = Observable;
			sourceTree = "<group>";
		};
		DEBD62892AC19E7B003010DC = {
			isa = PBXGroup;
			children = (
				DEBD62942AC19E7B003010DC /* Timo */,
				DEBD62932AC19E7B003010DC /* Products */,
			);
			sourceTree = "<group>";
		};
		DEBD62932AC19E7B003010DC /* Products */ = {
			isa = PBXGroup;
			children = (
				DEBD62922AC19E7B003010DC /* Timo.app */,
			);
			name = Products;
			sourceTree = "<group>";
		};
		DEBD62942AC19E7B003010DC /* Timo */ = {
			isa = PBXGroup;
			children = (
				DE184A102ACBE78E004EEC0B /* Application */,
				DE184A112ACBE7F4004EEC0B /* Resource */,
				DE184A122ACBE80A004EEC0B /* Source */,
				DEBD62A32AC19E7C003010DC /* Info.plist */,
				DE184A0E2ACBE54C004EEC0B /* Localizable.strings */,
			);
			path = Timo;
			sourceTree = "<group>";
		};
		DEBD62A92AC1A01F003010DC /* Utility */ = {
			isa = PBXGroup;
			children = (
				DEF16C512AC2D349006354F8 /* Color.swift */,
			);
			path = Utility;
			sourceTree = "<group>";
		};
		DEBD62AA2AC1A029003010DC /* Database */ = {
			isa = PBXGroup;
			children = (
				DE1849F92AC7EE06004EEC0B /* ProjectTable.swift */,
				DE1849FB2AC7EE16004EEC0B /* TaskTable.swift */,
				DE1849FD2AC7F6E7004EEC0B /* SubTaskTable.swift */,
				DE184A042ACBD662004EEC0B /* RepositoryType+Protocol.swift */,
				DE184A062ACBD871004EEC0B /* ProjectTableRepository.swift */,
			);
			path = Database;
			sourceTree = "<group>";
		};
		DEBD62AB2AC1A032003010DC /* Base */ = {
			isa = PBXGroup;
			children = (
				DEBD62BD2AC1A4DE003010DC /* BaseViewController.swift */,
				DEF16C532AC2DAD7006354F8 /* BaseCollectionViewCell.swift */,
				DE184A692ACD6644004EEC0B /* BaseTableViewCell.swift */,
			);
			path = Base;
			sourceTree = "<group>";
		};
		DEBD62AC2AC1A038003010DC /* View */ = {
			isa = PBXGroup;
			children = (
				DED5E8A42AC44A8200DDACC7 /* UnderlineSegmentedControl.swift */,
				DE1849FF2AC82916004EEC0B /* StatusButton.swift */,
				DE184A6F2ACD8399004EEC0B /* TimerButton.swift */,
				DE184A732ACE7EC1004EEC0B /* ProjectDashboardView.swift */,
			);
			path = View;
			sourceTree = "<group>";
		};
		DEBD62AD2AC1A03C003010DC /* Cell */ = {
			isa = PBXGroup;
			children = (
				DEF16C552AC2DB90006354F8 /* ProjectCollectionViewCell.swift */,
				DE184A652ACD64C9004EEC0B /* TaskTableViewCell.swift */,
			);
			path = Cell;
			sourceTree = "<group>";
		};
		DEBD62AE2AC1A042003010DC /* Scene */ = {
			isa = PBXGroup;
			children = (
				DEBD62B02AC1A08A003010DC /* ProjectList */,
				DE184A012AC83033004EEC0B /* AddProject */,
				DEBD62B12AC1A0AF003010DC /* ProjectDetail */,
			);
			path = Scene;
			sourceTree = "<group>";
		};
		DEBD62AF2AC1A048003010DC /* Extension */ = {
			isa = PBXGroup;
			children = (
				DE184A132ACBE8B4004EEC0B /* Localized+Extension.swift */,
				DE184A282ACC0E8B004EEC0B /* UIColor+Extension.swift */,
			);
			path = Extension;
			sourceTree = "<group>";
		};
		DEBD62B02AC1A08A003010DC /* ProjectList */ = {
			isa = PBXGroup;
			children = (
				DEBD62BF2AC1A62E003010DC /* ProjectListViewController.swift */,
			);
			path = ProjectList;
			sourceTree = "<group>";
		};
		DEBD62B12AC1A0AF003010DC /* ProjectDetail */ = {
			isa = PBXGroup;
			children = (
				DE184A632ACD6165004EEC0B /* ProjectDetailViewController.swift */,
			);
			path = ProjectDetail;
			sourceTree = "<group>";
		};
/* End PBXGroup section */

/* Begin PBXNativeTarget section */
		DEBD62912AC19E7B003010DC /* Timo */ = {
			isa = PBXNativeTarget;
			buildConfigurationList = DEBD62A62AC19E7C003010DC /* Build configuration list for PBXNativeTarget "Timo" */;
			buildPhases = (
				DEBD628E2AC19E7B003010DC /* Sources */,
				DEBD628F2AC19E7B003010DC /* Frameworks */,
				DEBD62902AC19E7B003010DC /* Resources */,
			);
			buildRules = (
			);
			dependencies = (
			);
			name = Timo;
			packageProductDependencies = (
				DEBD62B32AC1A405003010DC /* SnapKit */,
				DEBD62B92AC1A4AC003010DC /* Realm */,
				DEBD62BB2AC1A4AC003010DC /* RealmSwift */,
			);
			productName = Timo;
			productReference = DEBD62922AC19E7B003010DC /* Timo.app */;
			productType = "com.apple.product-type.application";
		};
/* End PBXNativeTarget section */

/* Begin PBXProject section */
		DEBD628A2AC19E7B003010DC /* Project object */ = {
			isa = PBXProject;
			attributes = {
				BuildIndependentTargetsInParallel = 1;
				LastSwiftUpdateCheck = 1430;
				LastUpgradeCheck = 1430;
				TargetAttributes = {
					DEBD62912AC19E7B003010DC = {
						CreatedOnToolsVersion = 14.3.1;
					};
				};
			};
			buildConfigurationList = DEBD628D2AC19E7B003010DC /* Build configuration list for PBXProject "Timo" */;
			compatibilityVersion = "Xcode 14.0";
			developmentRegion = ko;
			hasScannedForEncodings = 0;
			knownRegions = (
				Base,
				ko,
				en,
			);
			mainGroup = DEBD62892AC19E7B003010DC;
			packageReferences = (
				DEBD62B22AC1A405003010DC /* XCRemoteSwiftPackageReference "SnapKit" */,
				DEBD62B82AC1A4AC003010DC /* XCRemoteSwiftPackageReference "realm-swift" */,
			);
			productRefGroup = DEBD62932AC19E7B003010DC /* Products */;
			projectDirPath = "";
			projectRoot = "";
			targets = (
				DEBD62912AC19E7B003010DC /* Timo */,
			);
		};
/* End PBXProject section */

/* Begin PBXResourcesBuildPhase section */
		DEBD62902AC19E7B003010DC /* Resources */ = {
			isa = PBXResourcesBuildPhase;
			buildActionMask = 2147483647;
			files = (
				DEBD62A22AC19E7C003010DC /* LaunchScreen.storyboard in Resources */,
				DE184A0C2ACBE54C004EEC0B /* Localizable.strings in Resources */,
				DEBD629F2AC19E7C003010DC /* Assets.xcassets in Resources */,
			);
			runOnlyForDeploymentPostprocessing = 0;
		};
/* End PBXResourcesBuildPhase section */

/* Begin PBXSourcesBuildPhase section */
		DEBD628E2AC19E7B003010DC /* Sources */ = {
			isa = PBXSourcesBuildPhase;
			buildActionMask = 2147483647;
			files = (
				DE184A072ACBD871004EEC0B /* ProjectTableRepository.swift in Sources */,
				DEF16C562AC2DB90006354F8 /* ProjectCollectionViewCell.swift in Sources */,
				DE184A002AC82916004EEC0B /* StatusButton.swift in Sources */,
				DE184A702ACD8399004EEC0B /* TimerButton.swift in Sources */,
				DE184A642ACD6165004EEC0B /* ProjectDetailViewController.swift in Sources */,
				DE184A6A2ACD6644004EEC0B /* BaseTableViewCell.swift in Sources */,
				DE184A142ACBE8B4004EEC0B /* Localized+Extension.swift in Sources */,
				DE184A1F2ACBF5D5004EEC0B /* LabelBuilder.swift in Sources */,
				DE184A252ACC0151004EEC0B /* DatePickerBuilder.swift in Sources */,
				DEBD62C02AC1A62E003010DC /* ProjectListViewController.swift in Sources */,
				DE184A1D2ACBF497004EEC0B /* ViewBuilder.swift in Sources */,
				DE184A742ACE7EC1004EEC0B /* ProjectDashboardView.swift in Sources */,
				DEBD62962AC19E7B003010DC /* AppDelegate.swift in Sources */,
				DE184A302ACC3858004EEC0B /* AddProjectViewModel.swift in Sources */,
				DE184A6C2ACD7287004EEC0B /* ButtonBuilder.swift in Sources */,
				DE184A662ACD64C9004EEC0B /* TaskTableViewCell.swift in Sources */,
				DE184A032AC8306E004EEC0B /* AddProjectViewController.swift in Sources */,
				DE184A052ACBD662004EEC0B /* RepositoryType+Protocol.swift in Sources */,
				DE184A272ACC0214004EEC0B /* StackViewBuilder.swift in Sources */,
				DEBD62982AC19E7B003010DC /* SceneDelegate.swift in Sources */,
				DE1849FE2AC7F6E7004EEC0B /* SubTaskTable.swift in Sources */,
				DEF16C522AC2D349006354F8 /* Color.swift in Sources */,
				DE184A232ACC0066004EEC0B /* TextFieldBuilder.swift in Sources */,
				DE184A2C2ACC3625004EEC0B /* Observable.swift in Sources */,
				DED5E8A52AC44A8200DDACC7 /* UnderlineSegmentedControl.swift in Sources */,
				DE184A292ACC0E8B004EEC0B /* UIColor+Extension.swift in Sources */,
				DE1849FA2AC7EE06004EEC0B /* ProjectTable.swift in Sources */,
				DEBD62BE2AC1A4DF003010DC /* BaseViewController.swift in Sources */,
				DEF16C542AC2DAD7006354F8 /* BaseCollectionViewCell.swift in Sources */,
				DE184A212ACBF726004EEC0B /* ImageViewBuilder.swift in Sources */,
				DE1849FC2AC7EE16004EEC0B /* TaskTable.swift in Sources */,
			);
			runOnlyForDeploymentPostprocessing = 0;
		};
/* End PBXSourcesBuildPhase section */

/* Begin PBXVariantGroup section */
		DE184A0E2ACBE54C004EEC0B /* Localizable.strings */ = {
			isa = PBXVariantGroup;
			children = (
				DE184A0D2ACBE54C004EEC0B /* ko */,
				DE184A0F2ACBE54D004EEC0B /* en */,
			);
			name = Localizable.strings;
			sourceTree = "<group>";
		};
		DEBD62A02AC19E7C003010DC /* LaunchScreen.storyboard */ = {
			isa = PBXVariantGroup;
			children = (
				DEBD62A12AC19E7C003010DC /* Base */,
				DE184A082ACBE4F5004EEC0B /* ko */,
				DE184A092ACBE50A004EEC0B /* en */,
			);
			name = LaunchScreen.storyboard;
			sourceTree = "<group>";
		};
/* End PBXVariantGroup section */

/* Begin XCBuildConfiguration section */
		DEBD62A42AC19E7C003010DC /* Debug */ = {
			isa = XCBuildConfiguration;
			buildSettings = {
				ALWAYS_SEARCH_USER_PATHS = NO;
				CLANG_ANALYZER_LOCALIZABILITY_NONLOCALIZED = YES;
				CLANG_ANALYZER_NONNULL = YES;
				CLANG_ANALYZER_NUMBER_OBJECT_CONVERSION = YES_AGGRESSIVE;
				CLANG_CXX_LANGUAGE_STANDARD = "gnu++20";
				CLANG_ENABLE_MODULES = YES;
				CLANG_ENABLE_OBJC_ARC = YES;
				CLANG_ENABLE_OBJC_WEAK = YES;
				CLANG_WARN_BLOCK_CAPTURE_AUTORELEASING = YES;
				CLANG_WARN_BOOL_CONVERSION = YES;
				CLANG_WARN_COMMA = YES;
				CLANG_WARN_CONSTANT_CONVERSION = YES;
				CLANG_WARN_DEPRECATED_OBJC_IMPLEMENTATIONS = YES;
				CLANG_WARN_DIRECT_OBJC_ISA_USAGE = YES_ERROR;
				CLANG_WARN_DOCUMENTATION_COMMENTS = YES;
				CLANG_WARN_EMPTY_BODY = YES;
				CLANG_WARN_ENUM_CONVERSION = YES;
				CLANG_WARN_INFINITE_RECURSION = YES;
				CLANG_WARN_INT_CONVERSION = YES;
				CLANG_WARN_NON_LITERAL_NULL_CONVERSION = YES;
				CLANG_WARN_OBJC_IMPLICIT_RETAIN_SELF = YES;
				CLANG_WARN_OBJC_LITERAL_CONVERSION = YES;
				CLANG_WARN_OBJC_ROOT_CLASS = YES_ERROR;
				CLANG_WARN_QUOTED_INCLUDE_IN_FRAMEWORK_HEADER = YES;
				CLANG_WARN_RANGE_LOOP_ANALYSIS = YES;
				CLANG_WARN_STRICT_PROTOTYPES = YES;
				CLANG_WARN_SUSPICIOUS_MOVE = YES;
				CLANG_WARN_UNGUARDED_AVAILABILITY = YES_AGGRESSIVE;
				CLANG_WARN_UNREACHABLE_CODE = YES;
				CLANG_WARN__DUPLICATE_METHOD_MATCH = YES;
				COPY_PHASE_STRIP = NO;
				DEBUG_INFORMATION_FORMAT = dwarf;
				ENABLE_STRICT_OBJC_MSGSEND = YES;
				ENABLE_TESTABILITY = YES;
				GCC_C_LANGUAGE_STANDARD = gnu11;
				GCC_DYNAMIC_NO_PIC = NO;
				GCC_NO_COMMON_BLOCKS = YES;
				GCC_OPTIMIZATION_LEVEL = 0;
				GCC_PREPROCESSOR_DEFINITIONS = (
					"DEBUG=1",
					"$(inherited)",
				);
				GCC_WARN_64_TO_32_BIT_CONVERSION = YES;
				GCC_WARN_ABOUT_RETURN_TYPE = YES_ERROR;
				GCC_WARN_UNDECLARED_SELECTOR = YES;
				GCC_WARN_UNINITIALIZED_AUTOS = YES_AGGRESSIVE;
				GCC_WARN_UNUSED_FUNCTION = YES;
				GCC_WARN_UNUSED_VARIABLE = YES;
				IPHONEOS_DEPLOYMENT_TARGET = 15.0;
				MTL_ENABLE_DEBUG_INFO = INCLUDE_SOURCE;
				MTL_FAST_MATH = YES;
				ONLY_ACTIVE_ARCH = YES;
				SDKROOT = iphoneos;
				SWIFT_ACTIVE_COMPILATION_CONDITIONS = DEBUG;
				SWIFT_OPTIMIZATION_LEVEL = "-Onone";
			};
			name = Debug;
		};
		DEBD62A52AC19E7C003010DC /* Release */ = {
			isa = XCBuildConfiguration;
			buildSettings = {
				ALWAYS_SEARCH_USER_PATHS = NO;
				CLANG_ANALYZER_LOCALIZABILITY_NONLOCALIZED = YES;
				CLANG_ANALYZER_NONNULL = YES;
				CLANG_ANALYZER_NUMBER_OBJECT_CONVERSION = YES_AGGRESSIVE;
				CLANG_CXX_LANGUAGE_STANDARD = "gnu++20";
				CLANG_ENABLE_MODULES = YES;
				CLANG_ENABLE_OBJC_ARC = YES;
				CLANG_ENABLE_OBJC_WEAK = YES;
				CLANG_WARN_BLOCK_CAPTURE_AUTORELEASING = YES;
				CLANG_WARN_BOOL_CONVERSION = YES;
				CLANG_WARN_COMMA = YES;
				CLANG_WARN_CONSTANT_CONVERSION = YES;
				CLANG_WARN_DEPRECATED_OBJC_IMPLEMENTATIONS = YES;
				CLANG_WARN_DIRECT_OBJC_ISA_USAGE = YES_ERROR;
				CLANG_WARN_DOCUMENTATION_COMMENTS = YES;
				CLANG_WARN_EMPTY_BODY = YES;
				CLANG_WARN_ENUM_CONVERSION = YES;
				CLANG_WARN_INFINITE_RECURSION = YES;
				CLANG_WARN_INT_CONVERSION = YES;
				CLANG_WARN_NON_LITERAL_NULL_CONVERSION = YES;
				CLANG_WARN_OBJC_IMPLICIT_RETAIN_SELF = YES;
				CLANG_WARN_OBJC_LITERAL_CONVERSION = YES;
				CLANG_WARN_OBJC_ROOT_CLASS = YES_ERROR;
				CLANG_WARN_QUOTED_INCLUDE_IN_FRAMEWORK_HEADER = YES;
				CLANG_WARN_RANGE_LOOP_ANALYSIS = YES;
				CLANG_WARN_STRICT_PROTOTYPES = YES;
				CLANG_WARN_SUSPICIOUS_MOVE = YES;
				CLANG_WARN_UNGUARDED_AVAILABILITY = YES_AGGRESSIVE;
				CLANG_WARN_UNREACHABLE_CODE = YES;
				CLANG_WARN__DUPLICATE_METHOD_MATCH = YES;
				COPY_PHASE_STRIP = NO;
				DEBUG_INFORMATION_FORMAT = "dwarf-with-dsym";
				ENABLE_NS_ASSERTIONS = NO;
				ENABLE_STRICT_OBJC_MSGSEND = YES;
				GCC_C_LANGUAGE_STANDARD = gnu11;
				GCC_NO_COMMON_BLOCKS = YES;
				GCC_WARN_64_TO_32_BIT_CONVERSION = YES;
				GCC_WARN_ABOUT_RETURN_TYPE = YES_ERROR;
				GCC_WARN_UNDECLARED_SELECTOR = YES;
				GCC_WARN_UNINITIALIZED_AUTOS = YES_AGGRESSIVE;
				GCC_WARN_UNUSED_FUNCTION = YES;
				GCC_WARN_UNUSED_VARIABLE = YES;
				IPHONEOS_DEPLOYMENT_TARGET = 15.0;
				MTL_ENABLE_DEBUG_INFO = NO;
				MTL_FAST_MATH = YES;
				SDKROOT = iphoneos;
				SWIFT_COMPILATION_MODE = wholemodule;
				SWIFT_OPTIMIZATION_LEVEL = "-O";
				VALIDATE_PRODUCT = YES;
			};
			name = Release;
		};
		DEBD62A72AC19E7C003010DC /* Debug */ = {
			isa = XCBuildConfiguration;
			buildSettings = {
				ASSETCATALOG_COMPILER_APPICON_NAME = AppIcon;
				ASSETCATALOG_COMPILER_GLOBAL_ACCENT_COLOR_NAME = AccentColor;
				CODE_SIGN_STYLE = Automatic;
				CURRENT_PROJECT_VERSION = 1;
				DEVELOPMENT_TEAM = 94879TT8BU;
				GENERATE_INFOPLIST_FILE = YES;
				INFOPLIST_FILE = Timo/Info.plist;
				INFOPLIST_KEY_UIApplicationSupportsIndirectInputEvents = YES;
				INFOPLIST_KEY_UILaunchStoryboardName = LaunchScreen;
				INFOPLIST_KEY_UISupportedInterfaceOrientations = UIInterfaceOrientationPortrait;
				INFOPLIST_KEY_UISupportedInterfaceOrientations_iPad = "UIInterfaceOrientationLandscapeLeft UIInterfaceOrientationLandscapeRight UIInterfaceOrientationPortrait UIInterfaceOrientationPortraitUpsideDown";
				LD_RUNPATH_SEARCH_PATHS = (
					"$(inherited)",
					"@executable_path/Frameworks",
				);
				MARKETING_VERSION = 1.0;
				PRODUCT_BUNDLE_IDENTIFIER = com.sesac.Timo;
				PRODUCT_NAME = "$(TARGET_NAME)";
				SUPPORTED_PLATFORMS = "iphoneos iphonesimulator";
				SUPPORTS_MACCATALYST = NO;
				SUPPORTS_MAC_DESIGNED_FOR_IPHONE_IPAD = NO;
				SWIFT_EMIT_LOC_STRINGS = YES;
				SWIFT_VERSION = 5.0;
				TARGETED_DEVICE_FAMILY = 1;
			};
			name = Debug;
		};
		DEBD62A82AC19E7C003010DC /* Release */ = {
			isa = XCBuildConfiguration;
			buildSettings = {
				ASSETCATALOG_COMPILER_APPICON_NAME = AppIcon;
				ASSETCATALOG_COMPILER_GLOBAL_ACCENT_COLOR_NAME = AccentColor;
				CODE_SIGN_STYLE = Automatic;
				CURRENT_PROJECT_VERSION = 1;
				DEVELOPMENT_TEAM = 94879TT8BU;
				GENERATE_INFOPLIST_FILE = YES;
				INFOPLIST_FILE = Timo/Info.plist;
				INFOPLIST_KEY_UIApplicationSupportsIndirectInputEvents = YES;
				INFOPLIST_KEY_UILaunchStoryboardName = LaunchScreen;
				INFOPLIST_KEY_UISupportedInterfaceOrientations = UIInterfaceOrientationPortrait;
				INFOPLIST_KEY_UISupportedInterfaceOrientations_iPad = "UIInterfaceOrientationLandscapeLeft UIInterfaceOrientationLandscapeRight UIInterfaceOrientationPortrait UIInterfaceOrientationPortraitUpsideDown";
				LD_RUNPATH_SEARCH_PATHS = (
					"$(inherited)",
					"@executable_path/Frameworks",
				);
				MARKETING_VERSION = 1.0;
				PRODUCT_BUNDLE_IDENTIFIER = com.sesac.Timo;
				PRODUCT_NAME = "$(TARGET_NAME)";
				SUPPORTED_PLATFORMS = "iphoneos iphonesimulator";
				SUPPORTS_MACCATALYST = NO;
				SUPPORTS_MAC_DESIGNED_FOR_IPHONE_IPAD = NO;
				SWIFT_EMIT_LOC_STRINGS = YES;
				SWIFT_VERSION = 5.0;
				TARGETED_DEVICE_FAMILY = 1;
			};
			name = Release;
		};
/* End XCBuildConfiguration section */

/* Begin XCConfigurationList section */
		DEBD628D2AC19E7B003010DC /* Build configuration list for PBXProject "Timo" */ = {
			isa = XCConfigurationList;
			buildConfigurations = (
				DEBD62A42AC19E7C003010DC /* Debug */,
				DEBD62A52AC19E7C003010DC /* Release */,
			);
			defaultConfigurationIsVisible = 0;
			defaultConfigurationName = Release;
		};
		DEBD62A62AC19E7C003010DC /* Build configuration list for PBXNativeTarget "Timo" */ = {
			isa = XCConfigurationList;
			buildConfigurations = (
				DEBD62A72AC19E7C003010DC /* Debug */,
				DEBD62A82AC19E7C003010DC /* Release */,
			);
			defaultConfigurationIsVisible = 0;
			defaultConfigurationName = Release;
		};
/* End XCConfigurationList section */

/* Begin XCRemoteSwiftPackageReference section */
		DEBD62B22AC1A405003010DC /* XCRemoteSwiftPackageReference "SnapKit" */ = {
			isa = XCRemoteSwiftPackageReference;
			repositoryURL = "https://github.com/SnapKit/SnapKit.git";
			requirement = {
				kind = upToNextMajorVersion;
				minimumVersion = 5.0.0;
			};
		};
		DEBD62B82AC1A4AC003010DC /* XCRemoteSwiftPackageReference "realm-swift" */ = {
			isa = XCRemoteSwiftPackageReference;
			repositoryURL = "https://github.com/realm/realm-swift.git";
			requirement = {
				branch = master;
				kind = branch;
			};
		};
/* End XCRemoteSwiftPackageReference section */

/* Begin XCSwiftPackageProductDependency section */
		DEBD62B32AC1A405003010DC /* SnapKit */ = {
			isa = XCSwiftPackageProductDependency;
			package = DEBD62B22AC1A405003010DC /* XCRemoteSwiftPackageReference "SnapKit" */;
			productName = SnapKit;
		};
		DEBD62B92AC1A4AC003010DC /* Realm */ = {
			isa = XCSwiftPackageProductDependency;
			package = DEBD62B82AC1A4AC003010DC /* XCRemoteSwiftPackageReference "realm-swift" */;
			productName = Realm;
		};
		DEBD62BB2AC1A4AC003010DC /* RealmSwift */ = {
			isa = XCSwiftPackageProductDependency;
			package = DEBD62B82AC1A4AC003010DC /* XCRemoteSwiftPackageReference "realm-swift" */;
			productName = RealmSwift;
		};
/* End XCSwiftPackageProductDependency section */
	};
	rootObject = DEBD628A2AC19E7B003010DC /* Project object */;
}
